
Microsoft Visual Studio Solution File, Format Version 12.00
# Visual Studio Version 17
VisualStudioVersion = 17.5.33530.505
MinimumVisualStudioVersion = 10.0.40219.1
Project("{FAE04EC0-301F-11D3-BF4B-00C04F79EFBC}") = "Print_Gender", "Print_Gender.csproj", "{E634C20C-5A83-4DFC-B23D-A771B1857CC1}"
EndProject
Global
	GlobalSection(SolutionConfigurationPlatforms) = preSolution
		Debug|Any CPU = Debug|Any CPU
		Release|Any CPU = Release|Any CPU
	EndGlobalSection
	GlobalSection(ProjectConfigurationPlatforms) = postSolution
		{E634C20C-5A83-4DFC-B23D-A771B1857CC1}.Debug|Any CPU.ActiveCfg = Debug|Any CPU
		{E634C20C-5A83-4DFC-B23D-A771B1857CC1}.Debug|Any CPU.Build.0 = Debug|Any CPU
		{E634C20C-5A83-4DFC-B23D-A771B1857CC1}.Release|Any CPU.ActiveCfg = Release|Any CPU
		{E634C20C-5A83-4DFC-B23D-A771B1857CC1}.Release|Any CPU.Build.0 = Release|Any CPU
	EndGlobalSection
	GlobalSection(SolutionProperties) = preSolution
		HideSolutionNode = FALSE
	EndGlobalSection
	GlobalSection(ExtensibilityGlobals) = postSolution
		SolutionGuid = {9ACB2068-AE3E-452C-8F4C-42E145C86E63}
	EndGlobalSection
EndGlobal
